
Microsoft Visual Studio Solution File, Format Version 11.00
# Visual Studio 2010
Project("{FAE04EC0-301F-11D3-BF4B-00C04F79EFBC}") = "Assembly-CSharp", "Assembly-CSharp.csproj", "{08A47CC9-D2AD-A62E-D080-AE1550AE8D7B}"
EndProject
Project("{FAE04EC0-301F-11D3-BF4B-00C04F79EFBC}") = "Assembly-CSharp-Editor", "Assembly-CSharp-Editor.csproj", "{2D50A588-05AC-6C5D-4C4B-2B301F48E271}"
EndProject
Global
	GlobalSection(SolutionConfigurationPlatforms) = preSolution
		Debug|Any CPU = Debug|Any CPU
		Release|Any CPU = Release|Any CPU
	EndGlobalSection
	GlobalSection(ProjectConfigurationPlatforms) = postSolution
		{08A47CC9-D2AD-A62E-D080-AE1550AE8D7B}.Debug|Any CPU.ActiveCfg = Debug|Any CPU
		{08A47CC9-D2AD-A62E-D080-AE1550AE8D7B}.Debug|Any CPU.Build.0 = Debug|Any CPU
		{08A47CC9-D2AD-A62E-D080-AE1550AE8D7B}.Release|Any CPU.ActiveCfg = Release|Any CPU
		{08A47CC9-D2AD-A62E-D080-AE1550AE8D7B}.Release|Any CPU.Build.0 = Release|Any CPU
		{2D50A588-05AC-6C5D-4C4B-2B301F48E271}.Debug|Any CPU.ActiveCfg = Debug|Any CPU
		{2D50A588-05AC-6C5D-4C4B-2B301F48E271}.Debug|Any CPU.Build.0 = Debug|Any CPU
		{2D50A588-05AC-6C5D-4C4B-2B301F48E271}.Release|Any CPU.ActiveCfg = Release|Any CPU
		{2D50A588-05AC-6C5D-4C4B-2B301F48E271}.Release|Any CPU.Build.0 = Release|Any CPU
	EndGlobalSection
	GlobalSection(SolutionProperties) = preSolution
		HideSolutionNode = FALSE
	EndGlobalSection
EndGlobal
